Microsoft Visual Studio Solution File, Format Version 8.00
Project("{8BC9CEB8-8B4A-11D0-8D11-00A0C91BC942}") = "all", "all.vcproj", "{A30CAA97-C8D9-4B50-94B1-121A89575013}"
	ProjectSection(ProjectDependencies) = postProject
		{0BE44539-7412-46BC-90B7-F6CDB7790661} = {0BE44539-7412-46BC-90B7-F6CDB7790661}
		{A0130A60-04A9-4346-B795-9545002DCD3A} = {A0130A60-04A9-4346-B795-9545002DCD3A}
	EndProjectSection
EndProject
Project("{8BC9CEB8-8B4A-11D0-8D11-00A0C91BC942}") = "all_dynamic", "all_dynamic.vcproj", "{A0130A60-04A9-4346-B795-9545002DCD3A}"
	ProjectSection(ProjectDependencies) = postProject
		{B676FD0B-4E29-42EC-945F-CE18934E8F2B} = {B676FD0B-4E29-42EC-945F-CE18934E8F2B}
		{B39A700D-A186-4895-9080-07CDDFE0370E} = {B39A700D-A186-4895-9080-07CDDFE0370E}
		{A5444028-CC88-40CD-926E-0DA48F2D880B} = {A5444028-CC88-40CD-926E-0DA48F2D880B}
		{0C9FC845-3F3F-452C-8165-1611BB40E885} = {0C9FC845-3F3F-452C-8165-1611BB40E885}
		{9D132B57-5BB9-486F-8548-4D16F2EB1A3C} = {9D132B57-5BB9-486F-8548-4D16F2EB1A3C}
		{34C5F858-9D5D-47EE-B01E-146D1F988BF9} = {34C5F858-9D5D-47EE-B01E-146D1F988BF9}
		{77FB465C-C23F-484E-8CE9-20FD4C65976F} = {77FB465C-C23F-484E-8CE9-20FD4C65976F}
		{58CBCC69-6475-4A37-BFE4-79E19AFE35B3} = {58CBCC69-6475-4A37-BFE4-79E19AFE35B3}
		{7ED48F6A-C114-4EB5-84DC-9A564F7C0369} = {7ED48F6A-C114-4EB5-84DC-9A564F7C0369}
		{17E4D977-DB64-4284-B2A8-60BC0E752F7D} = {17E4D977-DB64-4284-B2A8-60BC0E752F7D}
		{E216877C-1459-4BBB-BC3F-8D283BF8F9D6} = {E216877C-1459-4BBB-BC3F-8D283BF8F9D6}
		{AE27BA7C-5C6A-411E-9385-B7E1B14C9156} = {AE27BA7C-5C6A-411E-9385-B7E1B14C9156}
		{7F931A8F-AE84-499C-91DB-0ADB00BBCDAE} = {7F931A8F-AE84-499C-91DB-0ADB00BBCDAE}
		{46F34895-E6FA-472B-9500-93931291B7E0} = {46F34895-E6FA-472B-9500-93931291B7E0}
		{48CF1FA0-46E4-47F1-B10D-4A517A784CFC} = {48CF1FA0-46E4-47F1-B10D-4A517A784CFC}
		{DEF338A9-96E8-4E55-8B58-68F38A75F908} = {DEF338A9-96E8-4E55-8B58-68F38A75F908}
		{91318EB8-263C-486B-97F2-92D50EA50B50} = {91318EB8-263C-486B-97F2-92D50EA50B50}
		{2E7853C6-2909-4C15-9411-3F763D9A6C36} = {2E7853C6-2909-4C15-9411-3F763D9A6C36}
		{592100CE-DB98-46BC-929C-9033A498661D} = {592100CE-DB98-46BC-929C-9033A498661D}
		{191F90D3-0550-4F0F-B868-F7BEB24A2195} = {191F90D3-0550-4F0F-B868-F7BEB24A2195}
		{94EAC6D4-2E09-4BF9-8584-25941227CBB5} = {94EAC6D4-2E09-4BF9-8584-25941227CBB5}
		{55EA2FD7-A50B-4B92-BE64-4556DD2E79F5} = {55EA2FD7-A50B-4B92-BE64-4556DD2E79F5}
		{CA0CA8D8-29F4-496A-9447-B190151C6420} = {CA0CA8D8-29F4-496A-9447-B190151C6420}
		{D57DC5DA-250A-472C-B762-8CB704F2D480} = {D57DC5DA-250A-472C-B762-8CB704F2D480}
		{621AECE0-5E03-4C1A-B1EA-48FB29920E98} = {621AECE0-5E03-4C1A-B1EA-48FB29920E98}
		{62CE21EB-F64D-49AE-AA79-168486BB482A} = {62CE21EB-F64D-49AE-AA79-168486BB482A}
	EndProjectSection
EndProject
Project("{8BC9CEB8-8B4A-11D0-8D11-00A0C91BC942}") = "all_static", "all_static.vcproj", "{0BE44539-7412-46BC-90B7-F6CDB7790661}"
	ProjectSection(ProjectDependencies) = postProject
		{B676FD0B-4E29-42EC-945F-CE18934E8F2B} = {B676FD0B-4E29-42EC-945F-CE18934E8F2B}
		{B39A700D-A186-4895-9080-07CDDFE0370E} = {B39A700D-A186-4895-9080-07CDDFE0370E}
		{A5444028-CC88-40CD-926E-0DA48F2D880B} = {A5444028-CC88-40CD-926E-0DA48F2D880B}
		{0C9FC845-3F3F-452C-8165-1611BB40E885} = {0C9FC845-3F3F-452C-8165-1611BB40E885}
		{9D132B57-5BB9-486F-8548-4D16F2EB1A3C} = {9D132B57-5BB9-486F-8548-4D16F2EB1A3C}
		{77FB465C-C23F-484E-8CE9-20FD4C65976F} = {77FB465C-C23F-484E-8CE9-20FD4C65976F}
		{58CBCC69-6475-4A37-BFE4-79E19AFE35B3} = {58CBCC69-6475-4A37-BFE4-79E19AFE35B3}
		{7ED48F6A-C114-4EB5-84DC-9A564F7C0369} = {7ED48F6A-C114-4EB5-84DC-9A564F7C0369}
		{E216877C-1459-4BBB-BC3F-8D283BF8F9D6} = {E216877C-1459-4BBB-BC3F-8D283BF8F9D6}
		{AE27BA7C-5C6A-411E-9385-B7E1B14C9156} = {AE27BA7C-5C6A-411E-9385-B7E1B14C9156}
		{7F931A8F-AE84-499C-91DB-0ADB00BBCDAE} = {7F931A8F-AE84-499C-91DB-0ADB00BBCDAE}
		{48CF1FA0-46E4-47F1-B10D-4A517A784CFC} = {48CF1FA0-46E4-47F1-B10D-4A517A784CFC}
		{DEF338A9-96E8-4E55-8B58-68F38A75F908} = {DEF338A9-96E8-4E55-8B58-68F38A75F908}
		{91318EB8-263C-486B-97F2-92D50EA50B50} = {91318EB8-263C-486B-97F2-92D50EA50B50}
		{2E7853C6-2909-4C15-9411-3F763D9A6C36} = {2E7853C6-2909-4C15-9411-3F763D9A6C36}
		{592100CE-DB98-46BC-929C-9033A498661D} = {592100CE-DB98-46BC-929C-9033A498661D}
		{94EAC6D4-2E09-4BF9-8584-25941227CBB5} = {94EAC6D4-2E09-4BF9-8584-25941227CBB5}
		{55EA2FD7-A50B-4B92-BE64-4556DD2E79F5} = {55EA2FD7-A50B-4B92-BE64-4556DD2E79F5}
		{CA0CA8D8-29F4-496A-9447-B190151C6420} = {CA0CA8D8-29F4-496A-9447-B190151C6420}
		{D57DC5DA-250A-472C-B762-8CB704F2D480} = {D57DC5DA-250A-472C-B762-8CB704F2D480}
		{621AECE0-5E03-4C1A-B1EA-48FB29920E98} = {621AECE0-5E03-4C1A-B1EA-48FB29920E98}
		{62CE21EB-F64D-49AE-AA79-168486BB482A} = {62CE21EB-F64D-49AE-AA79-168486BB482A}
	EndProjectSection
EndProject
Project("{8BC9CEB8-8B4A-11D0-8D11-00A0C91BC942}") = "flac", "src\flac\flac.vcproj", "{2E7853C6-2909-4C15-9411-3F763D9A6C36}"
	ProjectSection(ProjectDependencies) = postProject
		{A5444028-CC88-40CD-926E-0DA48F2D880B} = {A5444028-CC88-40CD-926E-0DA48F2D880B}
		{9D132B57-5BB9-486F-8548-4D16F2EB1A3C} = {9D132B57-5BB9-486F-8548-4D16F2EB1A3C}
		{7ED48F6A-C114-4EB5-84DC-9A564F7C0369} = {7ED48F6A-C114-4EB5-84DC-9A564F7C0369}
		{AE27BA7C-5C6A-411E-9385-B7E1B14C9156} = {AE27BA7C-5C6A-411E-9385-B7E1B14C9156}
		{48CF1FA0-46E4-47F1-B10D-4A517A784CFC} = {48CF1FA0-46E4-47F1-B10D-4A517A784CFC}
		{DEF338A9-96E8-4E55-8B58-68F38A75F908} = {DEF338A9-96E8-4E55-8B58-68F38A75F908}
		{94EAC6D4-2E09-4BF9-8584-25941227CBB5} = {94EAC6D4-2E09-4BF9-8584-25941227CBB5}
	EndProjectSection
EndProject
Project("{8BC9CEB8-8B4A-11D0-8D11-00A0C91BC942}") = "flac_mac", "src\monkeys_audio_utilities\flac_mac\flac_mac.vcproj", "{B676FD0B-4E29-42EC-945F-CE18934E8F2B}"
	ProjectSection(ProjectDependencies) = postProject
	EndProjectSection
EndProject
Project("{8BC9CEB8-8B4A-11D0-8D11-00A0C91BC942}") = "flac_ren", "src\monkeys_audio_utilities\flac_ren\flac_ren.vcproj", "{621AECE0-5E03-4C1A-B1EA-48FB29920E98}"
	ProjectSection(ProjectDependencies) = postProject
	EndProjectSection
EndProject
Project("{8BC9CEB8-8B4A-11D0-8D11-00A0C91BC942}") = "replaygain_analysis_static", "src\share\replaygain_analysis\replaygain_analysis_static.vcproj", "{DEF338A9-96E8-4E55-8B58-68F38A75F908}"
	ProjectSection(ProjectDependencies) = postProject
	EndProjectSection
EndProject
Project("{8BC9CEB8-8B4A-11D0-8D11-00A0C91BC942}") = "replaygain_synthesis_static", "src\share\replaygain_synthesis\replaygain_synthesis_static.vcproj", "{9D132B57-5BB9-486F-8548-4D16F2EB1A3C}"
	ProjectSection(ProjectDependencies) = postProject
	EndProjectSection
EndProject
Project("{8BC9CEB8-8B4A-11D0-8D11-00A0C91BC942}") = "getopt_static", "src\share\getopt\getopt_static.vcproj", "{48CF1FA0-46E4-47F1-B10D-4A517A784CFC}"
	ProjectSection(ProjectDependencies) = postProject
	EndProjectSection
EndProject
Project("{8BC9CEB8-8B4A-11D0-8D11-00A0C91BC942}") = "grabbag_static", "src\share\grabbag\grabbag_static.vcproj", "{94EAC6D4-2E09-4BF9-8584-25941227CBB5}"
	ProjectSection(ProjectDependencies) = postProject
		{AE27BA7C-5C6A-411E-9385-B7E1B14C9156} = {AE27BA7C-5C6A-411E-9385-B7E1B14C9156}
		{DEF338A9-96E8-4E55-8B58-68F38A75F908} = {DEF338A9-96E8-4E55-8B58-68F38A75F908}
	EndProjectSection
EndProject
Project("{8BC9CEB8-8B4A-11D0-8D11-00A0C91BC942}") = "in_flac", "src\plugin_winamp2\in_flac.vcproj", "{B39A700D-A186-4895-9080-07CDDFE0370E}"
	ProjectSection(ProjectDependencies) = postProject
		{AE27BA7C-5C6A-411E-9385-B7E1B14C9156} = {AE27BA7C-5C6A-411E-9385-B7E1B14C9156}
		{CA0CA8D8-29F4-496A-9447-B190151C6420} = {CA0CA8D8-29F4-496A-9447-B190151C6420}
	EndProjectSection
EndProject
Project("{8BC9CEB8-8B4A-11D0-8D11-00A0C91BC942}") = "libFLAC_dynamic", "src\libFLAC\libFLAC_dynamic.vcproj", "{191F90D3-0550-4F0F-B868-F7BEB24A2195}"
	ProjectSection(ProjectDependencies) = postProject
	EndProjectSection
EndProject
Project("{8BC9CEB8-8B4A-11D0-8D11-00A0C91BC942}") = "libFLAC_static", "src\libFLAC\libFLAC_static.vcproj", "{AE27BA7C-5C6A-411E-9385-B7E1B14C9156}"
	ProjectSection(ProjectDependencies) = postProject
	EndProjectSection
EndProject
Project("{8BC9CEB8-8B4A-11D0-8D11-00A0C91BC942}") = "libFLAC++_dynamic", "src\libFLAC++\libFLAC++_dynamic.vcproj", "{17E4D977-DB64-4284-B2A8-60BC0E752F7D}"
	ProjectSection(ProjectDependencies) = postProject
		{191F90D3-0550-4F0F-B868-F7BEB24A2195} = {191F90D3-0550-4F0F-B868-F7BEB24A2195}
	EndProjectSection
EndProject
Project("{8BC9CEB8-8B4A-11D0-8D11-00A0C91BC942}") = "libFLAC++_static", "src\libFLAC++\libFLAC++_static.vcproj", "{7F931A8F-AE84-499C-91DB-0ADB00BBCDAE}"
	ProjectSection(ProjectDependencies) = postProject
		{AE27BA7C-5C6A-411E-9385-B7E1B14C9156} = {AE27BA7C-5C6A-411E-9385-B7E1B14C9156}
	EndProjectSection
EndProject
Project("{8BC9CEB8-8B4A-11D0-8D11-00A0C91BC942}") = "libOggFLAC_dynamic", "src\libOggFLAC\libOggFLAC_dynamic.vcproj", "{34C5F858-9D5D-47EE-B01E-146D1F988BF9}"
	ProjectSection(ProjectDependencies) = postProject
		{191F90D3-0550-4F0F-B868-F7BEB24A2195} = {191F90D3-0550-4F0F-B868-F7BEB24A2195}
	EndProjectSection
EndProject
Project("{8BC9CEB8-8B4A-11D0-8D11-00A0C91BC942}") = "libOggFLAC_static", "src\libOggFLAC\libOggFLAC_static.vcproj", "{A5444028-CC88-40CD-926E-0DA48F2D880B}"
	ProjectSection(ProjectDependencies) = postProject
		{AE27BA7C-5C6A-411E-9385-B7E1B14C9156} = {AE27BA7C-5C6A-411E-9385-B7E1B14C9156}
	EndProjectSection
EndProject
Project("{8BC9CEB8-8B4A-11D0-8D11-00A0C91BC942}") = "libOggFLAC++_dynamic", "src\libOggFLAC++\libOggFLAC++_dynamic.vcproj", "{46F34895-E6FA-472B-9500-93931291B7E0}"
	ProjectSection(ProjectDependencies) = postProject
		{34C5F858-9D5D-47EE-B01E-146D1F988BF9} = {34C5F858-9D5D-47EE-B01E-146D1F988BF9}
		{17E4D977-DB64-4284-B2A8-60BC0E752F7D} = {17E4D977-DB64-4284-B2A8-60BC0E752F7D}
	EndProjectSection
EndProject
Project("{8BC9CEB8-8B4A-11D0-8D11-00A0C91BC942}") = "libOggFLAC++_static", "src\libOggFLAC++\libOggFLAC++_static.vcproj", "{E216877C-1459-4BBB-BC3F-8D283BF8F9D6}"
	ProjectSection(ProjectDependencies) = postProject
		{A5444028-CC88-40CD-926E-0DA48F2D880B} = {A5444028-CC88-40CD-926E-0DA48F2D880B}
		{7F931A8F-AE84-499C-91DB-0ADB00BBCDAE} = {7F931A8F-AE84-499C-91DB-0ADB00BBCDAE}
	EndProjectSection
EndProject
Project("{8BC9CEB8-8B4A-11D0-8D11-00A0C91BC942}") = "metaflac", "src\metaflac\metaflac.vcproj", "{55EA2FD7-A50B-4B92-BE64-4556DD2E79F5}"
	ProjectSection(ProjectDependencies) = postProject
		{7ED48F6A-C114-4EB5-84DC-9A564F7C0369} = {7ED48F6A-C114-4EB5-84DC-9A564F7C0369}
		{AE27BA7C-5C6A-411E-9385-B7E1B14C9156} = {AE27BA7C-5C6A-411E-9385-B7E1B14C9156}
		{48CF1FA0-46E4-47F1-B10D-4A517A784CFC} = {48CF1FA0-46E4-47F1-B10D-4A517A784CFC}
		{DEF338A9-96E8-4E55-8B58-68F38A75F908} = {DEF338A9-96E8-4E55-8B58-68F38A75F908}
		{94EAC6D4-2E09-4BF9-8584-25941227CBB5} = {94EAC6D4-2E09-4BF9-8584-25941227CBB5}
	EndProjectSection
EndProject
Project("{8BC9CEB8-8B4A-11D0-8D11-00A0C91BC942}") = "plugin_common_static", "src\plugin_common\plugin_common_static.vcproj", "{CA0CA8D8-29F4-496A-9447-B190151C6420}"
	ProjectSection(ProjectDependencies) = postProject
		{9D132B57-5BB9-486F-8548-4D16F2EB1A3C} = {9D132B57-5BB9-486F-8548-4D16F2EB1A3C}
		{AE27BA7C-5C6A-411E-9385-B7E1B14C9156} = {AE27BA7C-5C6A-411E-9385-B7E1B14C9156}
	EndProjectSection
EndProject
Project("{8BC9CEB8-8B4A-11D0-8D11-00A0C91BC942}") = "test_cuesheet", "src\test_grabbag\cuesheet\test_cuesheet.vcproj", "{91318EB8-263C-486B-97F2-92D50EA50B50}"
	ProjectSection(ProjectDependencies) = postProject
		{94EAC6D4-2E09-4BF9-8584-25941227CBB5} = {94EAC6D4-2E09-4BF9-8584-25941227CBB5}
	EndProjectSection
EndProject
Project("{8BC9CEB8-8B4A-11D0-8D11-00A0C91BC942}") = "test_libFLAC", "src\test_libFLAC\test_libFLAC.vcproj", "{62CE21EB-F64D-49AE-AA79-168486BB482A}"
	ProjectSection(ProjectDependencies) = postProject
		{AE27BA7C-5C6A-411E-9385-B7E1B14C9156} = {AE27BA7C-5C6A-411E-9385-B7E1B14C9156}
	EndProjectSection
EndProject
Project("{8BC9CEB8-8B4A-11D0-8D11-00A0C91BC942}") = "test_libFLAC++", "src\test_libFLAC++\test_libFLAC++.vcproj", "{592100CE-DB98-46BC-929C-9033A498661D}"
	ProjectSection(ProjectDependencies) = postProject
		{7F931A8F-AE84-499C-91DB-0ADB00BBCDAE} = {7F931A8F-AE84-499C-91DB-0ADB00BBCDAE}
	EndProjectSection
EndProject
Project("{8BC9CEB8-8B4A-11D0-8D11-00A0C91BC942}") = "test_libOggFLAC", "src\test_libOggFLAC\test_libOggFLAC.vcproj", "{D57DC5DA-250A-472C-B762-8CB704F2D480}"
	ProjectSection(ProjectDependencies) = postProject
		{A5444028-CC88-40CD-926E-0DA48F2D880B} = {A5444028-CC88-40CD-926E-0DA48F2D880B}
	EndProjectSection
EndProject
Project("{8BC9CEB8-8B4A-11D0-8D11-00A0C91BC942}") = "test_libOggFLAC++", "src\test_libOggFLAC++\test_libOggFLAC++.vcproj", "{0C9FC845-3F3F-452C-8165-1611BB40E885}"
	ProjectSection(ProjectDependencies) = postProject
		{E216877C-1459-4BBB-BC3F-8D283BF8F9D6} = {E216877C-1459-4BBB-BC3F-8D283BF8F9D6}
	EndProjectSection
EndProject
Project("{8BC9CEB8-8B4A-11D0-8D11-00A0C91BC942}") = "test_seeking", "src\test_seeking\test_seeking.vcproj", "{77FB465C-C23F-484E-8CE9-20FD4C65976F}"
	ProjectSection(ProjectDependencies) = postProject
	EndProjectSection
EndProject
Project("{8BC9CEB8-8B4A-11D0-8D11-00A0C91BC942}") = "test_streams", "src\test_streams\test_streams.vcproj", "{58CBCC69-6475-4A37-BFE4-79E19AFE35B3}"
	ProjectSection(ProjectDependencies) = postProject
	EndProjectSection
EndProject
Project("{8BC9CEB8-8B4A-11D0-8D11-00A0C91BC942}") = "utf8_static", "src\share\utf8\utf8_static.vcproj", "{7ED48F6A-C114-4EB5-84DC-9A564F7C0369}"
	ProjectSection(ProjectDependencies) = postProject
	EndProjectSection
EndProject
Project("{8BC9CEB8-8B4A-11D0-8D11-00A0C91BC942}") = "gspflac", "src\plugin_gsplayer\gspflac.vcproj", "{1FD820CD-3C3E-40FB-9545-DAD0CC3109E4}"
	ProjectSection(ProjectDependencies) = postProject
		{AE27BA7C-5C6A-411E-9385-B7E1B14C9156} = {AE27BA7C-5C6A-411E-9385-B7E1B14C9156}
		{7F931A8F-AE84-499C-91DB-0ADB00BBCDAE} = {7F931A8F-AE84-499C-91DB-0ADB00BBCDAE}
	EndProjectSection
EndProject
Global
	GlobalSection(SolutionConfiguration) = preSolution
		Debug = Debug
		Release = Release
	EndGlobalSection
	GlobalSection(ProjectConfiguration) = postSolution
		{A30CAA97-C8D9-4B50-94B1-121A89575013}.Debug.ActiveCfg = Debug|Win32
		{A30CAA97-C8D9-4B50-94B1-121A89575013}.Debug.Build.0 = Debug|Win32
		{A30CAA97-C8D9-4B50-94B1-121A89575013}.Release.ActiveCfg = Release|Win32
		{A30CAA97-C8D9-4B50-94B1-121A89575013}.Release.Build.0 = Release|Win32
		{A0130A60-04A9-4346-B795-9545002DCD3A}.Debug.ActiveCfg = Debug|Win32
		{A0130A60-04A9-4346-B795-9545002DCD3A}.Debug.Build.0 = Debug|Win32
		{A0130A60-04A9-4346-B795-9545002DCD3A}.Release.ActiveCfg = Release|Win32
		{A0130A60-04A9-4346-B795-9545002DCD3A}.Release.Build.0 = Release|Win32
		{0BE44539-7412-46BC-90B7-F6CDB7790661}.Debug.ActiveCfg = Debug|Win32
		{0BE44539-7412-46BC-90B7-F6CDB7790661}.Debug.Build.0 = Debug|Win32
		{0BE44539-7412-46BC-90B7-F6CDB7790661}.Release.ActiveCfg = Release|Win32
		{0BE44539-7412-46BC-90B7-F6CDB7790661}.Release.Build.0 = Release|Win32
		{2E7853C6-2909-4C15-9411-3F763D9A6C36}.Debug.ActiveCfg = Debug|Win32
		{2E7853C6-2909-4C15-9411-3F763D9A6C36}.Debug.Build.0 = Debug|Win32
		{2E7853C6-2909-4C15-9411-3F763D9A6C36}.Release.ActiveCfg = Release|Win32
		{2E7853C6-2909-4C15-9411-3F763D9A6C36}.Release.Build.0 = Release|Win32
		{B676FD0B-4E29-42EC-945F-CE18934E8F2B}.Debug.ActiveCfg = Debug|Win32
		{B676FD0B-4E29-42EC-945F-CE18934E8F2B}.Debug.Build.0 = Debug|Win32
		{B676FD0B-4E29-42EC-945F-CE18934E8F2B}.Release.ActiveCfg = Release|Win32
		{B676FD0B-4E29-42EC-945F-CE18934E8F2B}.Release.Build.0 = Release|Win32
		{621AECE0-5E03-4C1A-B1EA-48FB29920E98}.Debug.ActiveCfg = Debug|Win32
		{621AECE0-5E03-4C1A-B1EA-48FB29920E98}.Debug.Build.0 = Debug|Win32
		{621AECE0-5E03-4C1A-B1EA-48FB29920E98}.Release.ActiveCfg = Release|Win32
		{621AECE0-5E03-4C1A-B1EA-48FB29920E98}.Release.Build.0 = Release|Win32
		{DEF338A9-96E8-4E55-8B58-68F38A75F908}.Debug.ActiveCfg = Debug|Win32
		{DEF338A9-96E8-4E55-8B58-68F38A75F908}.Debug.Build.0 = Debug|Win32
		{DEF338A9-96E8-4E55-8B58-68F38A75F908}.Release.ActiveCfg = Release|Win32
		{DEF338A9-96E8-4E55-8B58-68F38A75F908}.Release.Build.0 = Release|Win32
		{9D132B57-5BB9-486F-8548-4D16F2EB1A3C}.Debug.ActiveCfg = Debug|Win32
		{9D132B57-5BB9-486F-8548-4D16F2EB1A3C}.Debug.Build.0 = Debug|Win32
		{9D132B57-5BB9-486F-8548-4D16F2EB1A3C}.Release.ActiveCfg = Release|Win32
		{9D132B57-5BB9-486F-8548-4D16F2EB1A3C}.Release.Build.0 = Release|Win32
		{48CF1FA0-46E4-47F1-B10D-4A517A784CFC}.Debug.ActiveCfg = Debug|Win32
		{48CF1FA0-46E4-47F1-B10D-4A517A784CFC}.Debug.Build.0 = Debug|Win32
		{48CF1FA0-46E4-47F1-B10D-4A517A784CFC}.Release.ActiveCfg = Release|Win32
		{48CF1FA0-46E4-47F1-B10D-4A517A784CFC}.Release.Build.0 = Release|Win32
		{94EAC6D4-2E09-4BF9-8584-25941227CBB5}.Debug.ActiveCfg = Debug|Win32
		{94EAC6D4-2E09-4BF9-8584-25941227CBB5}.Debug.Build.0 = Debug|Win32
		{94EAC6D4-2E09-4BF9-8584-25941227CBB5}.Release.ActiveCfg = Release|Win32
		{94EAC6D4-2E09-4BF9-8584-25941227CBB5}.Release.Build.0 = Release|Win32
		{B39A700D-A186-4895-9080-07CDDFE0370E}.Debug.ActiveCfg = Debug|Win32
		{B39A700D-A186-4895-9080-07CDDFE0370E}.Debug.Build.0 = Debug|Win32
		{B39A700D-A186-4895-9080-07CDDFE0370E}.Release.ActiveCfg = Release|Win32
		{B39A700D-A186-4895-9080-07CDDFE0370E}.Release.Build.0 = Release|Win32
		{191F90D3-0550-4F0F-B868-F7BEB24A2195}.Debug.ActiveCfg = Debug|Win32
		{191F90D3-0550-4F0F-B868-F7BEB24A2195}.Debug.Build.0 = Debug|Win32
		{191F90D3-0550-4F0F-B868-F7BEB24A2195}.Release.ActiveCfg = Release|Win32
		{191F90D3-0550-4F0F-B868-F7BEB24A2195}.Release.Build.0 = Release|Win32
		{AE27BA7C-5C6A-411E-9385-B7E1B14C9156}.Debug.ActiveCfg = Debug|Win32
		{AE27BA7C-5C6A-411E-9385-B7E1B14C9156}.Debug.Build.0 = Debug|Win32
		{AE27BA7C-5C6A-411E-9385-B7E1B14C9156}.Release.ActiveCfg = Release|Win32
		{AE27BA7C-5C6A-411E-9385-B7E1B14C9156}.Release.Build.0 = Release|Win32
		{17E4D977-DB64-4284-B2A8-60BC0E752F7D}.Debug.ActiveCfg = Debug|Win32
		{17E4D977-DB64-4284-B2A8-60BC0E752F7D}.Debug.Build.0 = Debug|Win32
		{17E4D977-DB64-4284-B2A8-60BC0E752F7D}.Release.ActiveCfg = Release|Win32
		{17E4D977-DB64-4284-B2A8-60BC0E752F7D}.Release.Build.0 = Release|Win32
		{7F931A8F-AE84-499C-91DB-0ADB00BBCDAE}.Debug.ActiveCfg = Debug|Win32
		{7F931A8F-AE84-499C-91DB-0ADB00BBCDAE}.Debug.Build.0 = Debug|Win32
		{7F931A8F-AE84-499C-91DB-0ADB00BBCDAE}.Release.ActiveCfg = Release|Win32
		{7F931A8F-AE84-499C-91DB-0ADB00BBCDAE}.Release.Build.0 = Release|Win32
		{34C5F858-9D5D-47EE-B01E-146D1F988BF9}.Debug.ActiveCfg = Debug|Win32
		{34C5F858-9D5D-47EE-B01E-146D1F988BF9}.Debug.Build.0 = Debug|Win32
		{34C5F858-9D5D-47EE-B01E-146D1F988BF9}.Release.ActiveCfg = Release|Win32
		{34C5F858-9D5D-47EE-B01E-146D1F988BF9}.Release.Build.0 = Release|Win32
		{A5444028-CC88-40CD-926E-0DA48F2D880B}.Debug.ActiveCfg = Debug|Win32
		{A5444028-CC88-40CD-926E-0DA48F2D880B}.Debug.Build.0 = Debug|Win32
		{A5444028-CC88-40CD-926E-0DA48F2D880B}.Release.ActiveCfg = Release|Win32
		{A5444028-CC88-40CD-926E-0DA48F2D880B}.Release.Build.0 = Release|Win32
		{46F34895-E6FA-472B-9500-93931291B7E0}.Debug.ActiveCfg = Debug|Win32
		{46F34895-E6FA-472B-9500-93931291B7E0}.Debug.Build.0 = Debug|Win32
		{46F34895-E6FA-472B-9500-93931291B7E0}.Release.ActiveCfg = Release|Win32
		{46F34895-E6FA-472B-9500-93931291B7E0}.Release.Build.0 = Release|Win32
		{E216877C-1459-4BBB-BC3F-8D283BF8F9D6}.Debug.ActiveCfg = Debug|Win32
		{E216877C-1459-4BBB-BC3F-8D283BF8F9D6}.Debug.Build.0 = Debug|Win32
		{E216877C-1459-4BBB-BC3F-8D283BF8F9D6}.Release.ActiveCfg = Release|Win32
		{E216877C-1459-4BBB-BC3F-8D283BF8F9D6}.Release.Build.0 = Release|Win32
		{55EA2FD7-A50B-4B92-BE64-4556DD2E79F5}.Debug.ActiveCfg = Debug|Win32
		{55EA2FD7-A50B-4B92-BE64-4556DD2E79F5}.Debug.Build.0 = Debug|Win32
		{55EA2FD7-A50B-4B92-BE64-4556DD2E79F5}.Release.ActiveCfg = Release|Win32
		{55EA2FD7-A50B-4B92-BE64-4556DD2E79F5}.Release.Build.0 = Release|Win32
		{CA0CA8D8-29F4-496A-9447-B190151C6420}.Debug.ActiveCfg = Debug|Win32
		{CA0CA8D8-29F4-496A-9447-B190151C6420}.Debug.Build.0 = Debug|Win32
		{CA0CA8D8-29F4-496A-9447-B190151C6420}.Release.ActiveCfg = Release|Win32
		{CA0CA8D8-29F4-496A-9447-B190151C6420}.Release.Build.0 = Release|Win32
		{91318EB8-263C-486B-97F2-92D50EA50B50}.Debug.ActiveCfg = Debug|Win32
		{91318EB8-263C-486B-97F2-92D50EA50B50}.Debug.Build.0 = Debug|Win32
		{91318EB8-263C-486B-97F2-92D50EA50B50}.Release.ActiveCfg = Release|Win32
		{91318EB8-263C-486B-97F2-92D50EA50B50}.Release.Build.0 = Release|Win32
		{62CE21EB-F64D-49AE-AA79-168486BB482A}.Debug.ActiveCfg = Debug|Win32
		{62CE21EB-F64D-49AE-AA79-168486BB482A}.Debug.Build.0 = Debug|Win32
		{62CE21EB-F64D-49AE-AA79-168486BB482A}.Release.ActiveCfg = Release|Win32
		{62CE21EB-F64D-49AE-AA79-168486BB482A}.Release.Build.0 = Release|Win32
		{592100CE-DB98-46BC-929C-9033A498661D}.Debug.ActiveCfg = Debug|Win32
		{592100CE-DB98-46BC-929C-9033A498661D}.Debug.Build.0 = Debug|Win32
		{592100CE-DB98-46BC-929C-9033A498661D}.Release.ActiveCfg = Release|Win32
		{592100CE-DB98-46BC-929C-9033A498661D}.Release.Build.0 = Release|Win32
		{D57DC5DA-250A-472C-B762-8CB704F2D480}.Debug.ActiveCfg = Debug|Win32
		{D57DC5DA-250A-472C-B762-8CB704F2D480}.Debug.Build.0 = Debug|Win32
		{D57DC5DA-250A-472C-B762-8CB704F2D480}.Release.ActiveCfg = Release|Win32
		{D57DC5DA-250A-472C-B762-8CB704F2D480}.Release.Build.0 = Release|Win32
		{0C9FC845-3F3F-452C-8165-1611BB40E885}.Debug.ActiveCfg = Debug|Win32
		{0C9FC845-3F3F-452C-8165-1611BB40E885}.Debug.Build.0 = Debug|Win32
		{0C9FC845-3F3F-452C-8165-1611BB40E885}.Release.ActiveCfg = Release|Win32
		{0C9FC845-3F3F-452C-8165-1611BB40E885}.Release.Build.0 = Release|Win32
		{77FB465C-C23F-484E-8CE9-20FD4C65976F}.Debug.ActiveCfg = Debug|Win32
		{77FB465C-C23F-484E-8CE9-20FD4C65976F}.Debug.Build.0 = Debug|Win32
		{77FB465C-C23F-484E-8CE9-20FD4C65976F}.Release.ActiveCfg = Release|Win32
		{77FB465C-C23F-484E-8CE9-20FD4C65976F}.Release.Build.0 = Release|Win32
		{58CBCC69-6475-4A37-BFE4-79E19AFE35B3}.Debug.ActiveCfg = Debug|Win32
		{58CBCC69-6475-4A37-BFE4-79E19AFE35B3}.Debug.Build.0 = Debug|Win32
		{58CBCC69-6475-4A37-BFE4-79E19AFE35B3}.Release.ActiveCfg = Release|Win32
		{58CBCC69-6475-4A37-BFE4-79E19AFE35B3}.Release.Build.0 = Release|Win32
		{7ED48F6A-C114-4EB5-84DC-9A564F7C0369}.Debug.ActiveCfg = Debug|Win32
		{7ED48F6A-C114-4EB5-84DC-9A564F7C0369}.Debug.Build.0 = Debug|Win32
		{7ED48F6A-C114-4EB5-84DC-9A564F7C0369}.Release.ActiveCfg = Release|Win32
		{7ED48F6A-C114-4EB5-84DC-9A564F7C0369}.Release.Build.0 = Release|Win32
		{1FD820CD-3C3E-40FB-9545-DAD0CC3109E4}.Debug.ActiveCfg = Debug|Win32
		{1FD820CD-3C3E-40FB-9545-DAD0CC3109E4}.Debug.Build.0 = Debug|Win32
		{1FD820CD-3C3E-40FB-9545-DAD0CC3109E4}.Release.ActiveCfg = Release|Win32
		{1FD820CD-3C3E-40FB-9545-DAD0CC3109E4}.Release.Build.0 = Release|Win32
	EndGlobalSection
	GlobalSection(ExtensibilityGlobals) = postSolution
	EndGlobalSection
	GlobalSection(ExtensibilityAddIns) = postSolution
	EndGlobalSection
EndGlobal
